
Microsoft Visual Studio Solution File, Format Version 12.00
# Visual Studio 15
VisualStudioVersion = 15.0.28307.1022
MinimumVisualStudioVersion = 10.0.40219.1
Project("{8BC9CEB8-8B4A-11D0-8D11-00A0C91BC942}") = "SimpleNotePad", "SimpleNotePad\SimpleNotePad.vcxproj", "{712F44BA-A0D8-46D0-8053-90FCFD56BF9A}"
EndProject
Project("{8BC9CEB8-8B4A-11D0-8D11-00A0C91BC942}") = "SciLexer", "scintilla\win32\SciLexer.vcxproj", "{FBE04237-9C7B-4973-9C60-505975998B39}"
EndProject
Global
	GlobalSection(SolutionConfigurationPlatforms) = preSolution
		Debug|x64 = Debug|x64
		Debug|x86 = Debug|x86
		Release|x64 = Release|x64
		Release|x86 = Release|x86
	EndGlobalSection
	GlobalSection(ProjectConfigurationPlatforms) = postSolution
		{712F44BA-A0D8-46D0-8053-90FCFD56BF9A}.Debug|x64.ActiveCfg = Debug|x64
		{712F44BA-A0D8-46D0-8053-90FCFD56BF9A}.Debug|x64.Build.0 = Debug|x64
		{712F44BA-A0D8-46D0-8053-90FCFD56BF9A}.Debug|x86.ActiveCfg = Debug|Win32
		{712F44BA-A0D8-46D0-8053-90FCFD56BF9A}.Debug|x86.Build.0 = Debug|Win32
		{712F44BA-A0D8-46D0-8053-90FCFD56BF9A}.Release|x64.ActiveCfg = Release|x64
		{712F44BA-A0D8-46D0-8053-90FCFD56BF9A}.Release|x64.Build.0 = Release|x64
		{712F44BA-A0D8-46D0-8053-90FCFD56BF9A}.Release|x86.ActiveCfg = Release|Win32
		{712F44BA-A0D8-46D0-8053-90FCFD56BF9A}.Release|x86.Build.0 = Release|Win32
		{FBE04237-9C7B-4973-9C60-505975998B39}.Debug|x64.ActiveCfg = Debug|x64
		{FBE04237-9C7B-4973-9C60-505975998B39}.Debug|x64.Build.0 = Debug|x64
		{FBE04237-9C7B-4973-9C60-505975998B39}.Debug|x86.ActiveCfg = Debug|Win32
		{FBE04237-9C7B-4973-9C60-505975998B39}.Debug|x86.Build.0 = Debug|Win32
		{FBE04237-9C7B-4973-9C60-505975998B39}.Release|x64.ActiveCfg = Release|x64
		{FBE04237-9C7B-4973-9C60-505975998B39}.Release|x64.Build.0 = Release|x64
		{FBE04237-9C7B-4973-9C60-505975998B39}.Release|x86.ActiveCfg = Release|Win32
		{FBE04237-9C7B-4973-9C60-505975998B39}.Release|x86.Build.0 = Release|Win32
	EndGlobalSection
	GlobalSection(SolutionProperties) = preSolution
		HideSolutionNode = FALSE
	EndGlobalSection
	GlobalSection(ExtensibilityGlobals) = postSolution
		SolutionGuid = {1678132B-3434-43D3-BDF8-2701BFA67ECB}
	EndGlobalSection
EndGlobal
